// !$*UTF8*$!
{
	archiveVersion = 1;
	classes = {
	};
	objectVersion = 56;
	objects = {

/* Begin PBXBuildFile section */
		5858C72A2D7B2451008F81B3 /* Score.cpp in Sources */ = {isa = PBXBuildFile; fileRef = 5858C7282D7B2451008F81B3 /* Score.cpp */; };
		58604C332D5A052C0064B27C /* main.cpp in Sources */ = {isa = PBXBuildFile; fileRef = 58604C312D5A052C0064B27C /* main.cpp */; };
		58604C392D5A058F0064B27C /* graphics.cpp in Sources */ = {isa = PBXBuildFile; fileRef = 58604C372D5A058F0064B27C /* graphics.cpp */; };
		58604C3C2D5A061F0064B27C /* board.cpp in Sources */ = {isa = PBXBuildFile; fileRef = 58604C3A2D5A061F0064B27C /* board.cpp */; };
		58604C692D5A10ED0064B27C /* SoundManager.cpp in Sources */ = {isa = PBXBuildFile; fileRef = 58604C672D5A10ED0064B27C /* SoundManager.cpp */; };
		589396FD2D5E271E00B31884 /* libSDL2_image-2.0.0.dylib in Frameworks */ = {isa = PBXBuildFile; fileRef = 589396FC2D5E271E00B31884 /* libSDL2_image-2.0.0.dylib */; };
		58D388B72D6D646200241172 /* TimeBar.cpp in Sources */ = {isa = PBXBuildFile; fileRef = 58D388B52D6D646200241172 /* TimeBar.cpp */; };
		58F5503A2D5792B60032DC99 /* libSDL2-2.0.0.dylib in Frameworks */ = {isa = PBXBuildFile; fileRef = 58F550392D5792B60032DC99 /* libSDL2-2.0.0.dylib */; };
		58F5503C2D579AAE0032DC99 /* libSDL2_ttf-2.0.0.dylib in Frameworks */ = {isa = PBXBuildFile; fileRef = 58F5503B2D579AAE0032DC99 /* libSDL2_ttf-2.0.0.dylib */; };
/* End PBXBuildFile section */

/* Begin PBXCopyFilesBuildPhase section */
		58F5502C2D578FF90032DC99 /* CopyFiles */ = {
			isa = PBXCopyFilesBuildPhase;
			buildActionMask = 2147483647;
			dstPath = /usr/share/man/man1/;
			dstSubfolderSpec = 0;
			files = (
			);
			runOnlyForDeploymentPostprocessing = 1;
		};
/* End PBXCopyFilesBuildPhase section */

/* Begin PBXFileReference section */
		5837775F2D601A4800A03937 /* play.png */ = {isa = PBXFileReference; lastKnownFileType = image.png; path = play.png; sourceTree = "<group>"; };
		583777602D601D6200A03937 /* guide.png */ = {isa = PBXFileReference; lastKnownFileType = image.png; path = guide.png; sourceTree = "<group>"; };
		583777632D603C4700A03937 /* close.png */ = {isa = PBXFileReference; lastKnownFileType = image.png; path = close.png; sourceTree = "<group>"; };
		583777642D60B0DF00A03937 /* pokemonBackground2.jpeg */ = {isa = PBXFileReference; lastKnownFileType = image.jpeg; path = pokemonBackground2.jpeg; sourceTree = "<group>"; };
		583777662D60D08400A03937 /* bookGuide.png */ = {isa = PBXFileReference; lastKnownFileType = image.png; path = bookGuide.png; sourceTree = "<group>"; };
		5837776D2D60D08400A03937 /* time.png */ = {isa = PBXFileReference; lastKnownFileType = image.png; path = time.png; sourceTree = "<group>"; };
		5837776E2D60D08400A03937 /* VolumeMute.png */ = {isa = PBXFileReference; lastKnownFileType = image.png; path = VolumeMute.png; sourceTree = "<group>"; };
		583777732D60D08400A03937 /* home.png */ = {isa = PBXFileReference; lastKnownFileType = image.png; path = home.png; sourceTree = "<group>"; };
		583777762D60D08400A03937 /* VolumeUp.png */ = {isa = PBXFileReference; lastKnownFileType = image.png; path = VolumeUp.png; sourceTree = "<group>"; };
		58495A642D7DC95300FCBA4D /* backgroudGuide.png */ = {isa = PBXFileReference; lastKnownFileType = image.png; path = backgroudGuide.png; sourceTree = "<group>"; };
		58495A662D7DDF5C00FCBA4D /* win.jpeg */ = {isa = PBXFileReference; lastKnownFileType = image.jpeg; path = win.jpeg; sourceTree = "<group>"; };
		58495A672D7DDF6500FCBA4D /* lose.jpeg */ = {isa = PBXFileReference; lastKnownFileType = image.jpeg; path = lose.jpeg; sourceTree = "<group>"; };
		58495A682D7DE76000FCBA4D /* replay.png */ = {isa = PBXFileReference; lastKnownFileType = image.png; path = replay.png; sourceTree = "<group>"; };
		58506A8B2D7C5A22000C242B /* Roboto-VariableFont_wdth,wght.ttf */ = {isa = PBXFileReference; lastKnownFileType = file; path = "Roboto-VariableFont_wdth,wght.ttf"; sourceTree = "<group>"; };
		5858C7282D7B2451008F81B3 /* Score.cpp */ = {isa = PBXFileReference; lastKnownFileType = sourcecode.cpp.cpp; path = Score.cpp; sourceTree = "<group>"; };
		5858C7292D7B2451008F81B3 /* Score.hpp */ = {isa = PBXFileReference; lastKnownFileType = sourcecode.cpp.h; path = Score.hpp; sourceTree = "<group>"; };
		58604C312D5A052C0064B27C /* main.cpp */ = {isa = PBXFileReference; lastKnownFileType = sourcecode.cpp.cpp; path = main.cpp; sourceTree = "<group>"; };
		58604C322D5A052C0064B27C /* main.hpp */ = {isa = PBXFileReference; lastKnownFileType = sourcecode.cpp.h; path = main.hpp; sourceTree = "<group>"; };
		58604C372D5A058F0064B27C /* graphics.cpp */ = {isa = PBXFileReference; lastKnownFileType = sourcecode.cpp.cpp; path = graphics.cpp; sourceTree = "<group>"; };
		58604C382D5A058F0064B27C /* graphics.hpp */ = {isa = PBXFileReference; lastKnownFileType = sourcecode.cpp.h; path = graphics.hpp; sourceTree = "<group>"; };
		58604C3A2D5A061F0064B27C /* board.cpp */ = {isa = PBXFileReference; lastKnownFileType = sourcecode.cpp.cpp; path = board.cpp; sourceTree = "<group>"; };
		58604C3B2D5A061F0064B27C /* board.hpp */ = {isa = PBXFileReference; lastKnownFileType = sourcecode.cpp.h; path = board.hpp; sourceTree = "<group>"; };
		58604C422D5A0CB80064B27C /* pikachu_image26.png */ = {isa = PBXFileReference; lastKnownFileType = image.png; name = pikachu_image26.png; path = assests/image/pikachu_image26.png; sourceTree = SOURCE_ROOT; };
		58604C432D5A0CB80064B27C /* pikachu_image34.png */ = {isa = PBXFileReference; lastKnownFileType = image.png; name = pikachu_image34.png; path = assests/image/pikachu_image34.png; sourceTree = SOURCE_ROOT; };
		58604C442D5A0CB80064B27C /* pikachu_image35.png */ = {isa = PBXFileReference; lastKnownFileType = image.png; name = pikachu_image35.png; path = assests/image/pikachu_image35.png; sourceTree = SOURCE_ROOT; };
		58604C452D5A0CB80064B27C /* pikachu_image1.png */ = {isa = PBXFileReference; lastKnownFileType = image.png; name = pikachu_image1.png; path = assests/image/pikachu_image1.png; sourceTree = SOURCE_ROOT; };
		58604C462D5A0CB80064B27C /* pikachu_image9.png */ = {isa = PBXFileReference; lastKnownFileType = image.png; name = pikachu_image9.png; path = assests/image/pikachu_image9.png; sourceTree = SOURCE_ROOT; };
		58604C472D5A0CB80064B27C /* pikachu_image24.png */ = {isa = PBXFileReference; lastKnownFileType = image.png; name = pikachu_image24.png; path = assests/image/pikachu_image24.png; sourceTree = SOURCE_ROOT; };
		58604C482D5A0CB90064B27C /* pikachu_image2.png */ = {isa = PBXFileReference; lastKnownFileType = image.png; name = pikachu_image2.png; path = assests/image/pikachu_image2.png; sourceTree = SOURCE_ROOT; };
		58604C492D5A0CB90064B27C /* pikachu_image3.png */ = {isa = PBXFileReference; lastKnownFileType = image.png; name = pikachu_image3.png; path = assests/image/pikachu_image3.png; sourceTree = SOURCE_ROOT; };
		58604C4A2D5A0CB90064B27C /* pikachu_image4.png */ = {isa = PBXFileReference; lastKnownFileType = image.png; name = pikachu_image4.png; path = assests/image/pikachu_image4.png; sourceTree = SOURCE_ROOT; };
		58604C4B2D5A0CB90064B27C /* pikachu_image8.png */ = {isa = PBXFileReference; lastKnownFileType = image.png; name = pikachu_image8.png; path = assests/image/pikachu_image8.png; sourceTree = SOURCE_ROOT; };
		58604C4C2D5A0CB90064B27C /* pikachu_image30.png */ = {isa = PBXFileReference; lastKnownFileType = image.png; name = pikachu_image30.png; path = assests/image/pikachu_image30.png; sourceTree = SOURCE_ROOT; };
		58604C4D2D5A0CB90064B27C /* pikachu_image13.png */ = {isa = PBXFileReference; lastKnownFileType = image.png; name = pikachu_image13.png; path = assests/image/pikachu_image13.png; sourceTree = SOURCE_ROOT; };
		58604C4E2D5A0CB90064B27C /* pikachu_image7.png */ = {isa = PBXFileReference; lastKnownFileType = image.png; name = pikachu_image7.png; path = assests/image/pikachu_image7.png; sourceTree = SOURCE_ROOT; };
		58604C4F2D5A0CB90064B27C /* pikachu_image15.png */ = {isa = PBXFileReference; lastKnownFileType = image.png; name = pikachu_image15.png; path = assests/image/pikachu_image15.png; sourceTree = SOURCE_ROOT; };
		58604C502D5A0CB90064B27C /* pikachu_image18.png */ = {isa = PBXFileReference; lastKnownFileType = image.png; name = pikachu_image18.png; path = assests/image/pikachu_image18.png; sourceTree = SOURCE_ROOT; };
		58604C512D5A0CB90064B27C /* pikachu_image25.png */ = {isa = PBXFileReference; lastKnownFileType = image.png; name = pikachu_image25.png; path = assests/image/pikachu_image25.png; sourceTree = SOURCE_ROOT; };
		58604C522D5A0CB90064B27C /* pikachu_image36.png */ = {isa = PBXFileReference; lastKnownFileType = image.png; name = pikachu_image36.png; path = assests/image/pikachu_image36.png; sourceTree = SOURCE_ROOT; };
		58604C532D5A0CB90064B27C /* pikachu_image10.png */ = {isa = PBXFileReference; lastKnownFileType = image.png; name = pikachu_image10.png; path = assests/image/pikachu_image10.png; sourceTree = SOURCE_ROOT; };
		58604C542D5A0CB90064B27C /* pikachu_image14.png */ = {isa = PBXFileReference; lastKnownFileType = image.png; name = pikachu_image14.png; path = assests/image/pikachu_image14.png; sourceTree = SOURCE_ROOT; };
		58604C552D5A0CB90064B27C /* pikachu_image31.png */ = {isa = PBXFileReference; lastKnownFileType = image.png; name = pikachu_image31.png; path = assests/image/pikachu_image31.png; sourceTree = SOURCE_ROOT; };
		58604C562D5A0CB90064B27C /* pikachu_image32.png */ = {isa = PBXFileReference; lastKnownFileType = image.png; name = pikachu_image32.png; path = assests/image/pikachu_image32.png; sourceTree = SOURCE_ROOT; };
		58604C572D5A0CB90064B27C /* pikachu_image12.png */ = {isa = PBXFileReference; lastKnownFileType = image.png; name = pikachu_image12.png; path = assests/image/pikachu_image12.png; sourceTree = SOURCE_ROOT; };
		58604C582D5A0CB90064B27C /* pikachu_image11.png */ = {isa = PBXFileReference; lastKnownFileType = image.png; name = pikachu_image11.png; path = assests/image/pikachu_image11.png; sourceTree = SOURCE_ROOT; };
		58604C592D5A0CB90064B27C /* pikachu_image5.png */ = {isa = PBXFileReference; lastKnownFileType = image.png; name = pikachu_image5.png; path = assests/image/pikachu_image5.png; sourceTree = SOURCE_ROOT; };
		58604C5A2D5A0CB90064B27C /* pikachu_image23.png */ = {isa = PBXFileReference; lastKnownFileType = image.png; name = pikachu_image23.png; path = assests/image/pikachu_image23.png; sourceTree = SOURCE_ROOT; };
		58604C5B2D5A0CB90064B27C /* pikachu_image20.png */ = {isa = PBXFileReference; lastKnownFileType = image.png; name = pikachu_image20.png; path = assests/image/pikachu_image20.png; sourceTree = SOURCE_ROOT; };
		58604C5C2D5A0CB90064B27C /* pikachu_image21.png */ = {isa = PBXFileReference; lastKnownFileType = image.png; name = pikachu_image21.png; path = assests/image/pikachu_image21.png; sourceTree = SOURCE_ROOT; };
		58604C5D2D5A0CB90064B27C /* pikachu_image6.png */ = {isa = PBXFileReference; lastKnownFileType = image.png; name = pikachu_image6.png; path = assests/image/pikachu_image6.png; sourceTree = SOURCE_ROOT; };
		58604C5E2D5A0CB90064B27C /* pikachu_image22.png */ = {isa = PBXFileReference; lastKnownFileType = image.png; name = pikachu_image22.png; path = assests/image/pikachu_image22.png; sourceTree = SOURCE_ROOT; };
		58604C5F2D5A0CB90064B27C /* pikachu_image33.png */ = {isa = PBXFileReference; lastKnownFileType = image.png; name = pikachu_image33.png; path = assests/image/pikachu_image33.png; sourceTree = SOURCE_ROOT; };
		58604C602D5A0CB90064B27C /* pikachu_image19.png */ = {isa = PBXFileReference; lastKnownFileType = image.png; name = pikachu_image19.png; path = assests/image/pikachu_image19.png; sourceTree = SOURCE_ROOT; };
		58604C612D5A0CB90064B27C /* pikachu_image29.png */ = {isa = PBXFileReference; lastKnownFileType = image.png; name = pikachu_image29.png; path = assests/image/pikachu_image29.png; sourceTree = SOURCE_ROOT; };
		58604C622D5A0CB90064B27C /* pikachu_image17.png */ = {isa = PBXFileReference; lastKnownFileType = image.png; name = pikachu_image17.png; path = assests/image/pikachu_image17.png; sourceTree = SOURCE_ROOT; };
		58604C632D5A0CB90064B27C /* pikachu_image28.png */ = {isa = PBXFileReference; lastKnownFileType = image.png; name = pikachu_image28.png; path = assests/image/pikachu_image28.png; sourceTree = SOURCE_ROOT; };
		58604C642D5A0CB90064B27C /* pikachu_image27.png */ = {isa = PBXFileReference; lastKnownFileType = image.png; name = pikachu_image27.png; path = assests/image/pikachu_image27.png; sourceTree = SOURCE_ROOT; };
		58604C652D5A0CB90064B27C /* pikachu_image16.png */ = {isa = PBXFileReference; lastKnownFileType = image.png; name = pikachu_image16.png; path = assests/image/pikachu_image16.png; sourceTree = SOURCE_ROOT; };
		58604C672D5A10ED0064B27C /* SoundManager.cpp */ = {isa = PBXFileReference; lastKnownFileType = sourcecode.cpp.cpp; path = SoundManager.cpp; sourceTree = "<group>"; };
		58604C682D5A10ED0064B27C /* SoundManager.hpp */ = {isa = PBXFileReference; lastKnownFileType = sourcecode.cpp.h; path = SoundManager.hpp; sourceTree = "<group>"; };
		58604C6A2D5A12360064B27C /* no_move.wav */ = {isa = PBXFileReference; lastKnownFileType = audio.wav; name = no_move.wav; path = assests/sounds/no_move.wav; sourceTree = "<group>"; };
		58604C6B2D5A12360064B27C /* linked.wav */ = {isa = PBXFileReference; lastKnownFileType = audio.wav; name = linked.wav; path = assests/sounds/linked.wav; sourceTree = "<group>"; };
		58604C6C2D5A12360064B27C /* oho.wav */ = {isa = PBXFileReference; lastKnownFileType = audio.wav; name = oho.wav; path = assests/sounds/oho.wav; sourceTree = "<group>"; };
		58604C6D2D5A12360064B27C /* click.wav */ = {isa = PBXFileReference; lastKnownFileType = audio.wav; name = click.wav; path = assests/sounds/click.wav; sourceTree = "<group>"; };
		58604C6E2D5A12360064B27C /* win.wav */ = {isa = PBXFileReference; lastKnownFileType = audio.wav; name = win.wav; path = assests/sounds/win.wav; sourceTree = "<group>"; };
		589396FC2D5E271E00B31884 /* libSDL2_image-2.0.0.dylib */ = {isa = PBXFileReference; lastKnownFileType = "compiled.mach-o.dylib"; name = "libSDL2_image-2.0.0.dylib"; path = "../../../../opt/homebrew/Cellar/sdl2_image/2.8.4/lib/libSDL2_image-2.0.0.dylib"; sourceTree = "<group>"; };
		589B86E42D5E4C3100181DBF /* pokemonBackground1.jpeg */ = {isa = PBXFileReference; lastKnownFileType = image.jpeg; path = pokemonBackground1.jpeg; sourceTree = "<group>"; };
		58D388B52D6D646200241172 /* TimeBar.cpp */ = {isa = PBXFileReference; lastKnownFileType = sourcecode.cpp.cpp; path = TimeBar.cpp; sourceTree = "<group>"; };
		58D388B62D6D646200241172 /* TimeBar.hpp */ = {isa = PBXFileReference; lastKnownFileType = sourcecode.cpp.h; path = TimeBar.hpp; sourceTree = "<group>"; };
		58F5502E2D578FF90032DC99 /* SDL2 */ = {isa = PBXFileReference; explicitFileType = "compiled.mach-o.executable"; includeInIndex = 0; path = SDL2; sourceTree = BUILT_PRODUCTS_DIR; };
		58F550392D5792B60032DC99 /* libSDL2-2.0.0.dylib */ = {isa = PBXFileReference; lastKnownFileType = "compiled.mach-o.dylib"; name = "libSDL2-2.0.0.dylib"; path = "../../../../../opt/homebrew/Cellar/sdl2/2.30.12/lib/libSDL2-2.0.0.dylib"; sourceTree = "<group>"; };
		58F5503B2D579AAE0032DC99 /* libSDL2_ttf-2.0.0.dylib */ = {isa = PBXFileReference; lastKnownFileType = "compiled.mach-o.dylib"; name = "libSDL2_ttf-2.0.0.dylib"; path = "../../../../../opt/homebrew/Cellar/sdl2_ttf/2.24.0/lib/libSDL2_ttf-2.0.0.dylib"; sourceTree = "<group>"; };
		58F5503D2D579C3A0032DC99 /* sdl2_ttf-config-version.cmake */ = {isa = PBXFileReference; lastKnownFileType = text; path = "sdl2_ttf-config-version.cmake"; sourceTree = "<group>"; };
		58F5503E2D579C3A0032DC99 /* sdl2_ttf-config.cmake */ = {isa = PBXFileReference; lastKnownFileType = text; path = "sdl2_ttf-config.cmake"; sourceTree = "<group>"; };
		58F550412D579C3A0032DC99 /* SDL2_ttf.pc */ = {isa = PBXFileReference; lastKnownFileType = text; path = SDL2_ttf.pc; sourceTree = "<group>"; };
		58F550432D579C3A0032DC99 /* libSDL2_ttf-2.0.0.dylib */ = {isa = PBXFileReference; lastKnownFileType = "compiled.mach-o.dylib"; path = "libSDL2_ttf-2.0.0.dylib"; sourceTree = "<group>"; };
		58F550442D579C3A0032DC99 /* libSDL2_ttf.a */ = {isa = PBXFileReference; lastKnownFileType = archive.ar; path = libSDL2_ttf.a; sourceTree = "<group>"; };
		58F550452D579C3A0032DC99 /* libSDL2_ttf.dylib */ = {isa = PBXFileReference; lastKnownFileType = "compiled.mach-o.dylib"; path = libSDL2_ttf.dylib; sourceTree = "<group>"; };
/* End PBXFileReference section */

/* Begin PBXFrameworksBuildPhase section */
		58F5502B2D578FF90032DC99 /* Frameworks */ = {
			isa = PBXFrameworksBuildPhase;
			buildActionMask = 2147483647;
			files = (
				589396FD2D5E271E00B31884 /* libSDL2_image-2.0.0.dylib in Frameworks */,
				58F5503C2D579AAE0032DC99 /* libSDL2_ttf-2.0.0.dylib in Frameworks */,
				58F5503A2D5792B60032DC99 /* libSDL2-2.0.0.dylib in Frameworks */,
			);
			runOnlyForDeploymentPostprocessing = 0;
		};
/* End PBXFrameworksBuildPhase section */

/* Begin PBXGroup section */
		58604C2E2D59CE460064B27C /* src */ = {
			isa = PBXGroup;
			children = (
				58604C312D5A052C0064B27C /* main.cpp */,
				58604C322D5A052C0064B27C /* main.hpp */,
				58604C372D5A058F0064B27C /* graphics.cpp */,
				58604C382D5A058F0064B27C /* graphics.hpp */,
				58604C3A2D5A061F0064B27C /* board.cpp */,
				58604C3B2D5A061F0064B27C /* board.hpp */,
				58604C672D5A10ED0064B27C /* SoundManager.cpp */,
				58604C682D5A10ED0064B27C /* SoundManager.hpp */,
				58D388B52D6D646200241172 /* TimeBar.cpp */,
				58D388B62D6D646200241172 /* TimeBar.hpp */,
				5858C7282D7B2451008F81B3 /* Score.cpp */,
				5858C7292D7B2451008F81B3 /* Score.hpp */,
			);
			path = src;
			sourceTree = "<group>";
		};
		58604C2F2D59CE510064B27C /* build */ = {
			isa = PBXGroup;
			children = (
			);
			path = build;
			sourceTree = "<group>";
		};
		58604C302D59CEC70064B27C /* assests */ = {
			isa = PBXGroup;
			children = (
				58506A8B2D7C5A22000C242B /* Roboto-VariableFont_wdth,wght.ttf */,
				58604C662D5A0F9D0064B27C /* sounds */,
				58604C402D5A06770064B27C /* image */,
			);
			path = assests;
			sourceTree = "<group>";
		};
		58604C402D5A06770064B27C /* image */ = {
			isa = PBXGroup;
			children = (
				58495A682D7DE76000FCBA4D /* replay.png */,
				58495A672D7DDF6500FCBA4D /* lose.jpeg */,
				58495A662D7DDF5C00FCBA4D /* win.jpeg */,
				58495A642D7DC95300FCBA4D /* backgroudGuide.png */,
				583777662D60D08400A03937 /* bookGuide.png */,
				583777732D60D08400A03937 /* home.png */,
				5837776D2D60D08400A03937 /* time.png */,
				5837776E2D60D08400A03937 /* VolumeMute.png */,
				583777762D60D08400A03937 /* VolumeUp.png */,
				583777642D60B0DF00A03937 /* pokemonBackground2.jpeg */,
				583777632D603C4700A03937 /* close.png */,
				583777602D601D6200A03937 /* guide.png */,
				5837775F2D601A4800A03937 /* play.png */,
				589B86E42D5E4C3100181DBF /* pokemonBackground1.jpeg */,
				58604C452D5A0CB80064B27C /* pikachu_image1.png */,
				58604C482D5A0CB90064B27C /* pikachu_image2.png */,
				58604C492D5A0CB90064B27C /* pikachu_image3.png */,
				58604C4A2D5A0CB90064B27C /* pikachu_image4.png */,
				58604C592D5A0CB90064B27C /* pikachu_image5.png */,
				58604C5D2D5A0CB90064B27C /* pikachu_image6.png */,
				58604C4E2D5A0CB90064B27C /* pikachu_image7.png */,
				58604C4B2D5A0CB90064B27C /* pikachu_image8.png */,
				58604C462D5A0CB80064B27C /* pikachu_image9.png */,
				58604C532D5A0CB90064B27C /* pikachu_image10.png */,
				58604C582D5A0CB90064B27C /* pikachu_image11.png */,
				58604C572D5A0CB90064B27C /* pikachu_image12.png */,
				58604C4D2D5A0CB90064B27C /* pikachu_image13.png */,
				58604C542D5A0CB90064B27C /* pikachu_image14.png */,
				58604C4F2D5A0CB90064B27C /* pikachu_image15.png */,
				58604C652D5A0CB90064B27C /* pikachu_image16.png */,
				58604C622D5A0CB90064B27C /* pikachu_image17.png */,
				58604C502D5A0CB90064B27C /* pikachu_image18.png */,
				58604C602D5A0CB90064B27C /* pikachu_image19.png */,
				58604C5B2D5A0CB90064B27C /* pikachu_image20.png */,
				58604C5C2D5A0CB90064B27C /* pikachu_image21.png */,
				58604C5E2D5A0CB90064B27C /* pikachu_image22.png */,
				58604C5A2D5A0CB90064B27C /* pikachu_image23.png */,
				58604C472D5A0CB80064B27C /* pikachu_image24.png */,
				58604C512D5A0CB90064B27C /* pikachu_image25.png */,
				58604C422D5A0CB80064B27C /* pikachu_image26.png */,
				58604C642D5A0CB90064B27C /* pikachu_image27.png */,
				58604C632D5A0CB90064B27C /* pikachu_image28.png */,
				58604C612D5A0CB90064B27C /* pikachu_image29.png */,
				58604C4C2D5A0CB90064B27C /* pikachu_image30.png */,
				58604C552D5A0CB90064B27C /* pikachu_image31.png */,
				58604C562D5A0CB90064B27C /* pikachu_image32.png */,
				58604C5F2D5A0CB90064B27C /* pikachu_image33.png */,
				58604C432D5A0CB80064B27C /* pikachu_image34.png */,
				58604C442D5A0CB80064B27C /* pikachu_image35.png */,
				58604C522D5A0CB90064B27C /* pikachu_image36.png */,
			);
			path = image;
			sourceTree = "<group>";
		};
		58604C662D5A0F9D0064B27C /* sounds */ = {
			isa = PBXGroup;
			children = (
				58604C6D2D5A12360064B27C /* click.wav */,
				58604C6B2D5A12360064B27C /* linked.wav */,
				58604C6A2D5A12360064B27C /* no_move.wav */,
				58604C6C2D5A12360064B27C /* oho.wav */,
				58604C6E2D5A12360064B27C /* win.wav */,
			);
			name = sounds;
			path = assets/sounds;
			sourceTree = SOURCE_ROOT;
		};
		58F550252D578FF90032DC99 = {
			isa = PBXGroup;
			children = (
				58604C302D59CEC70064B27C /* assests */,
				58604C2F2D59CE510064B27C /* build */,
				58604C2E2D59CE460064B27C /* src */,
				58F550302D578FF90032DC99 /* SDL2 */,
				58F5502F2D578FF90032DC99 /* Products */,
				58F550382D5792B60032DC99 /* Frameworks */,
			);
			sourceTree = "<group>";
		};
		58F5502F2D578FF90032DC99 /* Products */ = {
			isa = PBXGroup;
			children = (
				58F5502E2D578FF90032DC99 /* SDL2 */,
			);
			name = Products;
			sourceTree = "<group>";
		};
		58F550302D578FF90032DC99 /* SDL2 */ = {
			isa = PBXGroup;
			children = (
			);
			path = SDL2;
			sourceTree = "<group>";
		};
		58F550382D5792B60032DC99 /* Frameworks */ = {
			isa = PBXGroup;
			children = (
				589396FC2D5E271E00B31884 /* libSDL2_image-2.0.0.dylib */,
				58F550462D579C3A0032DC99 /* lib */,
				58F5503B2D579AAE0032DC99 /* libSDL2_ttf-2.0.0.dylib */,
				58F550392D5792B60032DC99 /* libSDL2-2.0.0.dylib */,
			);
			name = Frameworks;
			sourceTree = "<group>";
		};
		58F5503F2D579C3A0032DC99 /* SDL2_ttf */ = {
			isa = PBXGroup;
			children = (
				58F5503D2D579C3A0032DC99 /* sdl2_ttf-config-version.cmake */,
				58F5503E2D579C3A0032DC99 /* sdl2_ttf-config.cmake */,
			);
			path = SDL2_ttf;
			sourceTree = "<group>";
		};
		58F550402D579C3A0032DC99 /* cmake */ = {
			isa = PBXGroup;
			children = (
				58F5503F2D579C3A0032DC99 /* SDL2_ttf */,
			);
			path = cmake;
			sourceTree = "<group>";
		};
		58F550422D579C3A0032DC99 /* pkgconfig */ = {
			isa = PBXGroup;
			children = (
				58F550412D579C3A0032DC99 /* SDL2_ttf.pc */,
			);
			path = pkgconfig;
			sourceTree = "<group>";
		};
		58F550462D579C3A0032DC99 /* lib */ = {
			isa = PBXGroup;
			children = (
				58F550402D579C3A0032DC99 /* cmake */,
				58F550422D579C3A0032DC99 /* pkgconfig */,
				58F550432D579C3A0032DC99 /* libSDL2_ttf-2.0.0.dylib */,
				58F550442D579C3A0032DC99 /* libSDL2_ttf.a */,
				58F550452D579C3A0032DC99 /* libSDL2_ttf.dylib */,
			);
			name = lib;
			path = ../../../../../opt/homebrew/Cellar/sdl2_ttf/2.24.0/lib;
			sourceTree = "<group>";
		};
/* End PBXGroup section */

/* Begin PBXNativeTarget section */
		58F5502D2D578FF90032DC99 /* SDL2 */ = {
			isa = PBXNativeTarget;
			buildConfigurationList = 58F550352D578FF90032DC99 /* Build configuration list for PBXNativeTarget "SDL2" */;
			buildPhases = (
				58F5502A2D578FF90032DC99 /* Sources */,
				58F5502B2D578FF90032DC99 /* Frameworks */,
				58F5502C2D578FF90032DC99 /* CopyFiles */,
			);
			buildRules = (
			);
			dependencies = (
			);
			name = SDL2;
			productName = SDL2;
			productReference = 58F5502E2D578FF90032DC99 /* SDL2 */;
			productType = "com.apple.product-type.tool";
		};
/* End PBXNativeTarget section */

/* Begin PBXProject section */
		58F550262D578FF90032DC99 /* Project object */ = {
			isa = PBXProject;
			attributes = {
				BuildIndependentTargetsInParallel = 1;
				LastUpgradeCheck = 1540;
				TargetAttributes = {
					58F5502D2D578FF90032DC99 = {
						CreatedOnToolsVersion = 15.4;
					};
				};
			};
			buildConfigurationList = 58F550292D578FF90032DC99 /* Build configuration list for PBXProject "SDL2" */;
			compatibilityVersion = "Xcode 14.0";
			developmentRegion = en;
			hasScannedForEncodings = 0;
			knownRegions = (
				en,
				Base,
			);
			mainGroup = 58F550252D578FF90032DC99;
			productRefGroup = 58F5502F2D578FF90032DC99 /* Products */;
			projectDirPath = "";
			projectRoot = "";
			targets = (
				58F5502D2D578FF90032DC99 /* SDL2 */,
			);
		};
/* End PBXProject section */

/* Begin PBXSourcesBuildPhase section */
		58F5502A2D578FF90032DC99 /* Sources */ = {
			isa = PBXSourcesBuildPhase;
			buildActionMask = 2147483647;
			files = (
				58D388B72D6D646200241172 /* TimeBar.cpp in Sources */,
				58604C332D5A052C0064B27C /* main.cpp in Sources */,
				58604C3C2D5A061F0064B27C /* board.cpp in Sources */,
				58604C392D5A058F0064B27C /* graphics.cpp in Sources */,
				58604C692D5A10ED0064B27C /* SoundManager.cpp in Sources */,
				5858C72A2D7B2451008F81B3 /* Score.cpp in Sources */,
			);
			runOnlyForDeploymentPostprocessing = 0;
		};
/* End PBXSourcesBuildPhase section */

/* Begin XCBuildConfiguration section */
		58F550332D578FF90032DC99 /* Debug */ = {
			isa = XCBuildConfiguration;
			buildSettings = {
				ALWAYS_SEARCH_USER_PATHS = NO;
				ASSETCATALOG_COMPILER_GENERATE_SWIFT_ASSET_SYMBOL_EXTENSIONS = YES;
				CLANG_ANALYZER_NONNULL = YES;
				CLANG_ANALYZER_NUMBER_OBJECT_CONVERSION = YES_AGGRESSIVE;
				CLANG_CXX_LANGUAGE_STANDARD = "gnu++20";
				CLANG_ENABLE_MODULES = YES;
				CLANG_ENABLE_OBJC_ARC = YES;
				CLANG_ENABLE_OBJC_WEAK = YES;
				CLANG_WARN_BLOCK_CAPTURE_AUTORELEASING = YES;
				CLANG_WARN_BOOL_CONVERSION = YES;
				CLANG_WARN_COMMA = YES;
				CLANG_WARN_CONSTANT_CONVERSION = YES;
				CLANG_WARN_DEPRECATED_OBJC_IMPLEMENTATIONS = YES;
				CLANG_WARN_DIRECT_OBJC_ISA_USAGE = YES_ERROR;
				CLANG_WARN_DOCUMENTATION_COMMENTS = YES;
				CLANG_WARN_EMPTY_BODY = YES;
				CLANG_WARN_ENUM_CONVERSION = YES;
				CLANG_WARN_INFINITE_RECURSION = YES;
				CLANG_WARN_INT_CONVERSION = YES;
				CLANG_WARN_NON_LITERAL_NULL_CONVERSION = YES;
				CLANG_WARN_OBJC_IMPLICIT_RETAIN_SELF = YES;
				CLANG_WARN_OBJC_LITERAL_CONVERSION = YES;
				CLANG_WARN_OBJC_ROOT_CLASS = YES_ERROR;
				CLANG_WARN_QUOTED_INCLUDE_IN_FRAMEWORK_HEADER = YES;
				CLANG_WARN_RANGE_LOOP_ANALYSIS = YES;
				CLANG_WARN_STRICT_PROTOTYPES = YES;
				CLANG_WARN_SUSPICIOUS_MOVE = YES;
				CLANG_WARN_UNGUARDED_AVAILABILITY = YES_AGGRESSIVE;
				CLANG_WARN_UNREACHABLE_CODE = YES;
				CLANG_WARN__DUPLICATE_METHOD_MATCH = YES;
				COPY_PHASE_STRIP = NO;
				DEBUG_INFORMATION_FORMAT = dwarf;
				ENABLE_STRICT_OBJC_MSGSEND = YES;
				ENABLE_TESTABILITY = YES;
				ENABLE_USER_SCRIPT_SANDBOXING = YES;
				GCC_C_LANGUAGE_STANDARD = gnu17;
				GCC_DYNAMIC_NO_PIC = NO;
				GCC_NO_COMMON_BLOCKS = YES;
				GCC_OPTIMIZATION_LEVEL = 0;
				GCC_PREPROCESSOR_DEFINITIONS = (
					"DEBUG=1",
					"$(inherited)",
				);
				GCC_WARN_64_TO_32_BIT_CONVERSION = YES;
				GCC_WARN_ABOUT_RETURN_TYPE = YES_ERROR;
				GCC_WARN_UNDECLARED_SELECTOR = YES;
				GCC_WARN_UNINITIALIZED_AUTOS = YES_AGGRESSIVE;
				GCC_WARN_UNUSED_FUNCTION = YES;
				GCC_WARN_UNUSED_VARIABLE = YES;
				LOCALIZATION_PREFERS_STRING_CATALOGS = YES;
				MACOSX_DEPLOYMENT_TARGET = 14.0;
				MTL_ENABLE_DEBUG_INFO = INCLUDE_SOURCE;
				MTL_FAST_MATH = YES;
				ONLY_ACTIVE_ARCH = YES;
				SDKROOT = macosx;
			};
			name = Debug;
		};
		58F550342D578FF90032DC99 /* Release */ = {
			isa = XCBuildConfiguration;
			buildSettings = {
				ALWAYS_SEARCH_USER_PATHS = NO;
				ASSETCATALOG_COMPILER_GENERATE_SWIFT_ASSET_SYMBOL_EXTENSIONS = YES;
				CLANG_ANALYZER_NONNULL = YES;
				CLANG_ANALYZER_NUMBER_OBJECT_CONVERSION = YES_AGGRESSIVE;
				CLANG_CXX_LANGUAGE_STANDARD = "gnu++20";
				CLANG_ENABLE_MODULES = YES;
				CLANG_ENABLE_OBJC_ARC = YES;
				CLANG_ENABLE_OBJC_WEAK = YES;
				CLANG_WARN_BLOCK_CAPTURE_AUTORELEASING = YES;
				CLANG_WARN_BOOL_CONVERSION = YES;
				CLANG_WARN_COMMA = YES;
				CLANG_WARN_CONSTANT_CONVERSION = YES;
				CLANG_WARN_DEPRECATED_OBJC_IMPLEMENTATIONS = YES;
				CLANG_WARN_DIRECT_OBJC_ISA_USAGE = YES_ERROR;
				CLANG_WARN_DOCUMENTATION_COMMENTS = YES;
				CLANG_WARN_EMPTY_BODY = YES;
				CLANG_WARN_ENUM_CONVERSION = YES;
				CLANG_WARN_INFINITE_RECURSION = YES;
				CLANG_WARN_INT_CONVERSION = YES;
				CLANG_WARN_NON_LITERAL_NULL_CONVERSION = YES;
				CLANG_WARN_OBJC_IMPLICIT_RETAIN_SELF = YES;
				CLANG_WARN_OBJC_LITERAL_CONVERSION = YES;
				CLANG_WARN_OBJC_ROOT_CLASS = YES_ERROR;
				CLANG_WARN_QUOTED_INCLUDE_IN_FRAMEWORK_HEADER = YES;
				CLANG_WARN_RANGE_LOOP_ANALYSIS = YES;
				CLANG_WARN_STRICT_PROTOTYPES = YES;
				CLANG_WARN_SUSPICIOUS_MOVE = YES;
				CLANG_WARN_UNGUARDED_AVAILABILITY = YES_AGGRESSIVE;
				CLANG_WARN_UNREACHABLE_CODE = YES;
				CLANG_WARN__DUPLICATE_METHOD_MATCH = YES;
				COPY_PHASE_STRIP = NO;
				DEBUG_INFORMATION_FORMAT = "dwarf-with-dsym";
				ENABLE_NS_ASSERTIONS = NO;
				ENABLE_STRICT_OBJC_MSGSEND = YES;
				ENABLE_USER_SCRIPT_SANDBOXING = YES;
				GCC_C_LANGUAGE_STANDARD = gnu17;
				GCC_NO_COMMON_BLOCKS = YES;
				GCC_WARN_64_TO_32_BIT_CONVERSION = YES;
				GCC_WARN_ABOUT_RETURN_TYPE = YES_ERROR;
				GCC_WARN_UNDECLARED_SELECTOR = YES;
				GCC_WARN_UNINITIALIZED_AUTOS = YES_AGGRESSIVE;
				GCC_WARN_UNUSED_FUNCTION = YES;
				GCC_WARN_UNUSED_VARIABLE = YES;
				LOCALIZATION_PREFERS_STRING_CATALOGS = YES;
				MACOSX_DEPLOYMENT_TARGET = 14.0;
				MTL_ENABLE_DEBUG_INFO = NO;
				MTL_FAST_MATH = YES;
				SDKROOT = macosx;
			};
			name = Release;
		};
		58F550362D578FF90032DC99 /* Debug */ = {
			isa = XCBuildConfiguration;
			buildSettings = {
				CODE_SIGN_STYLE = Automatic;
				"HEADER_SEARCH_PATHS[arch=*]" = (
					/opt/homebrew/Cellar/sdl2/2.30.12/include,
					/opt/homebrew/Cellar/sdl2_ttf/2.24.0/include,
					/opt/homebrew/lib,
					/opt/homebrew/Cellar/sdl2_image/2.8.4/include,
					/opt/homebrew/include,
					/opt/homebrew/Cellar/sdl2_mixer/2.8.1_1/include/,
				);
				"LD_RUNPATH_SEARCH_PATHS[arch=*]" = "@executable_path/../Frameworks";
				LIBRARY_SEARCH_PATHS = (
					/opt/homebrew/Cellar/sdl2/2.30.12/lib,
					/opt/homebrew/Cellar/sdl2_ttf/2.24.0/lib,
					/opt/homebrew/lib,
					/opt/homebrew/Cellar/sdl2_image/2.8.4/lib,
					/opt/homebrew/lib,
					/opt/homebrew/Cellar/sdl2_mixer/2.8.1_1/lib,
				);
				"OTHER_CFLAGS[arch=*]" = "-I/opt/homebrew/include/SDL2";
				"OTHER_CPLUSPLUSFLAGS[arch=*]" = "-I/opt/homebrew/include/SDL2";
				"OTHER_LDFLAGS[arch=*]" = (
					"-lSDL2",
					"-lSDL2_ttf",
					"-lSDL2_mixer",
				);
				PRODUCT_NAME = "$(TARGET_NAME)";
			};
			name = Debug;
		};
		58F550372D578FF90032DC99 /* Release */ = {
			isa = XCBuildConfiguration;
			buildSettings = {
				CODE_SIGN_STYLE = Automatic;
				"HEADER_SEARCH_PATHS[arch=*]" = (
					/opt/homebrew/Cellar/sdl2/2.30.12/include,
					/opt/homebrew/Cellar/sdl2_ttf/2.24.0/include,
					/opt/homebrew/lib,
					/opt/homebrew/Cellar/sdl2_image/2.8.4/include,
					/opt/homebrew/include,
					/opt/homebrew/Cellar/sdl2_mixer/2.8.1_1/include/,
				);
				"LD_RUNPATH_SEARCH_PATHS[arch=*]" = "@executable_path/../Frameworks";
				LIBRARY_SEARCH_PATHS = (
					/opt/homebrew/Cellar/sdl2/2.30.12/lib,
					/opt/homebrew/Cellar/sdl2_ttf/2.24.0/lib,
					/opt/homebrew/lib,
					/opt/homebrew/Cellar/sdl2_image/2.8.4/lib,
					/opt/homebrew/lib,
					/opt/homebrew/Cellar/sdl2_mixer/2.8.1_1/lib,
				);
				"OTHER_CFLAGS[arch=*]" = "-I/opt/homebrew/include/SDL2";
				"OTHER_CPLUSPLUSFLAGS[arch=*]" = "-I/opt/homebrew/include/SDL2";
				"OTHER_LDFLAGS[arch=*]" = (
					"-lSDL2",
					"-lSDL2_ttf",
					"-lSDL2_mixer",
				);
				PRODUCT_NAME = "$(TARGET_NAME)";
			};
			name = Release;
		};
/* End XCBuildConfiguration section */

/* Begin XCConfigurationList section */
		58F550292D578FF90032DC99 /* Build configuration list for PBXProject "SDL2" */ = {
			isa = XCConfigurationList;
			buildConfigurations = (
				58F550332D578FF90032DC99 /* Debug */,
				58F550342D578FF90032DC99 /* Release */,
			);
			defaultConfigurationIsVisible = 0;
			defaultConfigurationName = Release;
		};
		58F550352D578FF90032DC99 /* Build configuration list for PBXNativeTarget "SDL2" */ = {
			isa = XCConfigurationList;
			buildConfigurations = (
				58F550362D578FF90032DC99 /* Debug */,
				58F550372D578FF90032DC99 /* Release */,
			);
			defaultConfigurationIsVisible = 0;
			defaultConfigurationName = Release;
		};
/* End XCConfigurationList section */
	};
	rootObject = 58F550262D578FF90032DC99 /* Project object */;
}
